
Microsoft Visual Studio Solution File, Format Version 12.00
# Visual Studio Version 17
VisualStudioVersion = 17.0.31912.275
MinimumVisualStudioVersion = 10.0.40219.1
Project("{FAE04EC0-301F-11D3-BF4B-00C04F79EFBC}") = "Rynek", "Rynek\Rynek.csproj", "{FF542FB8-010F-4AB3-AF5B-28C2C957BD01}"
EndProject
Project("{FAE04EC0-301F-11D3-BF4B-00C04F79EFBC}") = "TestyRynek", "TestyRynek\TestyRynek.csproj", "{D0B841CD-FBCB-45CD-B566-F4479301E4D2}"
EndProject
Global
	GlobalSection(SolutionConfigurationPlatforms) = preSolution
		Debug|Any CPU = Debug|Any CPU
		Release|Any CPU = Release|Any CPU
	EndGlobalSection
	GlobalSection(ProjectConfigurationPlatforms) = postSolution
		{FF542FB8-010F-4AB3-AF5B-28C2C957BD01}.Debug|Any CPU.ActiveCfg = Debug|Any CPU
		{FF542FB8-010F-4AB3-AF5B-28C2C957BD01}.Debug|Any CPU.Build.0 = Debug|Any CPU
		{FF542FB8-010F-4AB3-AF5B-28C2C957BD01}.Release|Any CPU.ActiveCfg = Release|Any CPU
		{FF542FB8-010F-4AB3-AF5B-28C2C957BD01}.Release|Any CPU.Build.0 = Release|Any CPU
		{D0B841CD-FBCB-45CD-B566-F4479301E4D2}.Debug|Any CPU.ActiveCfg = Debug|Any CPU
		{D0B841CD-FBCB-45CD-B566-F4479301E4D2}.Debug|Any CPU.Build.0 = Debug|Any CPU
		{D0B841CD-FBCB-45CD-B566-F4479301E4D2}.Release|Any CPU.ActiveCfg = Release|Any CPU
		{D0B841CD-FBCB-45CD-B566-F4479301E4D2}.Release|Any CPU.Build.0 = Release|Any CPU
	EndGlobalSection
	GlobalSection(SolutionProperties) = preSolution
		HideSolutionNode = FALSE
	EndGlobalSection
	GlobalSection(ExtensibilityGlobals) = postSolution
		SolutionGuid = {0887CCDC-1AD0-49A9-A5C1-14A4B5DEC3E7}
	EndGlobalSection
EndGlobal
